hash: a9ef21cfc185d87b8623bffd1d34cd5f9489033feda3fb0cb77c214ab5b27ddb
updated: 2019-04-08T14:12:47.149878664+05:30
imports:
- name: github.com/labstack/echo
  version: 6d9e043284aea2d07f5fcaf0d3a424eb7d9f6109
- name: github.com/labstack/gommon
  version: 82ef680aef5189b68682876cf70d09daa4ac0f51
  subpackages:
  - color
  - log
- name: github.com/mattn/go-colorable
  version: 3a70a971f94a22f2fa562ffcc7a0eb45f5daf045
- name: github.com/mattn/go-isatty
  version: c2a7a6ca930a4cd0bc33a3f298eb71960732a3a7
- name: github.com/valyala/bytebufferpool
  version: cdfbe9377474227bb42120c1e22fd4433e7f69bf
- name: github.com/valyala/fasttemplate
  version: 8b5e4e491ab636663841c42ea3c5a9adebabaf36
- name: golang.org/x/crypto
  version: 38d8ce5564a5b71b2e3a00553993f1b9a7ae852f
  subpackages:
  - acme
  - acme/autocert
- name: golang.org/x/sys
  version: 4b34438f7a67ee5f45cc6132e2bad873a20324e9
  subpackages:
  - unix
testImports: []
