hash: 43fef81d8053c4c2f68a54a47172135a88c3c75713f75889e346c99e72ec86d7
updated: 2019-04-08T21:51:47.918945925+05:30
imports:
- name: github.com/jinzhu/gorm
  version: 472c70caa40267cb89fd8facb07fe6454b578626
  subpackages:
  - dialects/postgres
- name: github.com/jinzhu/inflection
  version: 04140366298a54a039076d798123ffa108fff46c
- name: github.com/labstack/echo
  version: 6d9e043284aea2d07f5fcaf0d3a424eb7d9f6109
- name: github.com/lib/pq
  version: 4ded0e9383f75c197b3a2aaa6d590ac52df6fd79
  subpackages:
  - hstore
  - oid
testImports: []
